// !$*UTF8*$!
{
	archiveVersion = 1;
	classes = {
	};
	objectVersion = 56;
	objects = {

/* Begin PBXBuildFile section */
		063323902B43D38A00ADEC15 /* FirebaseAuth in Frameworks */ = {isa = PBXBuildFile; productRef = 0633238F2B43D38A00ADEC15 /* FirebaseAuth */; };
		068BC7632B2F91B5005DD143 /* ChatAppSwiftUIApp.swift in Sources */ = {isa = PBXBuildFile; fileRef = 068BC7622B2F91B5005DD143 /* ChatAppSwiftUIApp.swift */; };
		068BC7652B2F91B5005DD143 /* ChatView.swift in Sources */ = {isa = PBXBuildFile; fileRef = 068BC7642B2F91B5005DD143 /* ChatView.swift */; };
		068BC7672B2F91B6005DD143 /* Assets.xcassets in Resources */ = {isa = PBXBuildFile; fileRef = 068BC7662B2F91B6005DD143 /* Assets.xcassets */; };
		068BC76A2B2F91B6005DD143 /* Preview Assets.xcassets in Resources */ = {isa = PBXBuildFile; fileRef = 068BC7692B2F91B6005DD143 /* Preview Assets.xcassets */; };
		068BC7712B2F9322005DD143 /* TopArea.swift in Sources */ = {isa = PBXBuildFile; fileRef = 068BC7702B2F9322005DD143 /* TopArea.swift */; };
		068BC7742B2F982A005DD143 /* Message.swift in Sources */ = {isa = PBXBuildFile; fileRef = 068BC7732B2F982A005DD143 /* Message.swift */; };
		068BC77B2B2F9923005DD143 /* MessageBody.swift in Sources */ = {isa = PBXBuildFile; fileRef = 068BC77A2B2F9923005DD143 /* MessageBody.swift */; };
		068BC77D2B2FB97F005DD143 /* MessageField.swift in Sources */ = {isa = PBXBuildFile; fileRef = 068BC77C2B2FB97F005DD143 /* MessageField.swift */; };
		068BC77F2B2FC0A5005DD143 /* GoogleService-Info.plist in Resources */ = {isa = PBXBuildFile; fileRef = 068BC77E2B2FC0A5005DD143 /* GoogleService-Info.plist */; };
		068BC7822B2FC19F005DD143 /* FirebaseFirestore in Frameworks */ = {isa = PBXBuildFile; productRef = 068BC7812B2FC19F005DD143 /* FirebaseFirestore */; };
		068BC7842B2FC19F005DD143 /* FirebaseFirestoreSwift in Frameworks */ = {isa = PBXBuildFile; productRef = 068BC7832B2FC19F005DD143 /* FirebaseFirestoreSwift */; };
		068BC7862B2FC594005DD143 /* WebService.swift in Sources */ = {isa = PBXBuildFile; fileRef = 068BC7852B2FC594005DD143 /* WebService.swift */; };
		068BC7882B2FD406005DD143 /* UserFeature.swift in Sources */ = {isa = PBXBuildFile; fileRef = 068BC7872B2FD406005DD143 /* UserFeature.swift */; };
		068CC53D2B32A6EA006D2D80 /* Firestore.swift in Sources */ = {isa = PBXBuildFile; fileRef = 068CC53C2B32A6EA006D2D80 /* Firestore.swift */; };
		068CC5412B32AA55006D2D80 /* Database.swift in Sources */ = {isa = PBXBuildFile; fileRef = 068CC5402B32AA55006D2D80 /* Database.swift */; };
		068ED6752B31459100AE84AB /* ChatViewModel.swift in Sources */ = {isa = PBXBuildFile; fileRef = 068ED6742B31459100AE84AB /* ChatViewModel.swift */; };
		068ED6772B31709E00AE84AB /* ErrorType.swift in Sources */ = {isa = PBXBuildFile; fileRef = 068ED6762B31709E00AE84AB /* ErrorType.swift */; };
		069033252B4380FF003E9823 /* SignupViewModel.swift in Sources */ = {isa = PBXBuildFile; fileRef = 069033242B4380FF003E9823 /* SignupViewModel.swift */; };
		06A0F7B32B41F4100074885E /* LoginView.swift in Sources */ = {isa = PBXBuildFile; fileRef = 06A0F7B22B41F4100074885E /* LoginView.swift */; };
		06A0F7B62B41F86B0074885E /* SignupView.swift in Sources */ = {isa = PBXBuildFile; fileRef = 06A0F7B52B41F86B0074885E /* SignupView.swift */; };
		06A0F7B92B41FAEF0074885E /* LoginViewModel.swift in Sources */ = {isa = PBXBuildFile; fileRef = 06A0F7B82B41FAEF0074885E /* LoginViewModel.swift */; };
		06A0F7C02B420C600074885E /* FirebaseAuth in Frameworks */ = {isa = PBXBuildFile; productRef = 06A0F7BF2B420C600074885E /* FirebaseAuth */; };
		06A0F7C62B4228EA0074885E /* SignoutView.swift in Sources */ = {isa = PBXBuildFile; fileRef = 06A0F7C52B4228EA0074885E /* SignoutView.swift */; };
		06A0F7C82B422AB00074885E /* HomeView.swift in Sources */ = {isa = PBXBuildFile; fileRef = 06A0F7C72B422AB00074885E /* HomeView.swift */; };
		06A5304E2B34B1A6007E0607 /* Mockable.swift in Sources */ = {isa = PBXBuildFile; fileRef = 06A5304C2B34B1A6007E0607 /* Mockable.swift */; };
		06A530512B34B1B6007E0607 /* MockWebService.swift in Sources */ = {isa = PBXBuildFile; fileRef = 06A5304F2B34B1B6007E0607 /* MockWebService.swift */; };
		06A530572B34B222007E0607 /* ChatViewModelTests.swift in Sources */ = {isa = PBXBuildFile; fileRef = 06A530552B34B222007E0607 /* ChatViewModelTests.swift */; };
		06A5305F2B34C55B007E0607 /* FirebaseFirestore in Frameworks */ = {isa = PBXBuildFile; productRef = 06A5305E2B34C55B007E0607 /* FirebaseFirestore */; };
		06A530752B34DEF7007E0607 /* MockMessages.json in Resources */ = {isa = PBXBuildFile; fileRef = 06A530742B34DEF6007E0607 /* MockMessages.json */; };
/* End PBXBuildFile section */

/* Begin PBXContainerItemProxy section */
		06A530472B34B18C007E0607 /* PBXContainerItemProxy */ = {
			isa = PBXContainerItemProxy;
			containerPortal = 068BC7572B2F91B5005DD143 /* Project object */;
			proxyType = 1;
			remoteGlobalIDString = 068BC75E2B2F91B5005DD143;
			remoteInfo = ChatAppSwiftUI;
		};
/* End PBXContainerItemProxy section */

/* Begin PBXFileReference section */
		068BC75F2B2F91B5005DD143 /* ChatAppSwiftUI.app */ = {isa = PBXFileReference; explicitFileType = wrapper.application; includeInIndex = 0; path = ChatAppSwiftUI.app; sourceTree = BUILT_PRODUCTS_DIR; };
		068BC7622B2F91B5005DD143 /* ChatAppSwiftUIApp.swift */ = {isa = PBXFileReference; lastKnownFileType = sourcecode.swift; path = ChatAppSwiftUIApp.swift; sourceTree = "<group>"; };
		068BC7642B2F91B5005DD143 /* ChatView.swift */ = {isa = PBXFileReference; lastKnownFileType = sourcecode.swift; path = ChatView.swift; sourceTree = "<group>"; };
		068BC7662B2F91B6005DD143 /* Assets.xcassets */ = {isa = PBXFileReference; lastKnownFileType = folder.assetcatalog; path = Assets.xcassets; sourceTree = "<group>"; };
		068BC7692B2F91B6005DD143 /* Preview Assets.xcassets */ = {isa = PBXFileReference; lastKnownFileType = folder.assetcatalog; path = "Preview Assets.xcassets"; sourceTree = "<group>"; };
		068BC7702B2F9322005DD143 /* TopArea.swift */ = {isa = PBXFileReference; lastKnownFileType = sourcecode.swift; path = TopArea.swift; sourceTree = "<group>"; };
		068BC7732B2F982A005DD143 /* Message.swift */ = {isa = PBXFileReference; lastKnownFileType = sourcecode.swift; path = Message.swift; sourceTree = "<group>"; };
		068BC77A2B2F9923005DD143 /* MessageBody.swift */ = {isa = PBXFileReference; lastKnownFileType = sourcecode.swift; path = MessageBody.swift; sourceTree = "<group>"; };
		068BC77C2B2FB97F005DD143 /* MessageField.swift */ = {isa = PBXFileReference; lastKnownFileType = sourcecode.swift; path = MessageField.swift; sourceTree = "<group>"; };
		068BC77E2B2FC0A5005DD143 /* GoogleService-Info.plist */ = {isa = PBXFileReference; fileEncoding = 4; lastKnownFileType = text.plist.xml; path = "GoogleService-Info.plist"; sourceTree = "<group>"; };
		068BC7852B2FC594005DD143 /* WebService.swift */ = {isa = PBXFileReference; lastKnownFileType = sourcecode.swift; path = WebService.swift; sourceTree = "<group>"; };
		068BC7872B2FD406005DD143 /* UserFeature.swift */ = {isa = PBXFileReference; lastKnownFileType = sourcecode.swift; path = UserFeature.swift; sourceTree = "<group>"; };
		068CC53C2B32A6EA006D2D80 /* Firestore.swift */ = {isa = PBXFileReference; lastKnownFileType = sourcecode.swift; path = Firestore.swift; sourceTree = "<group>"; };
		068CC5402B32AA55006D2D80 /* Database.swift */ = {isa = PBXFileReference; lastKnownFileType = sourcecode.swift; path = Database.swift; sourceTree = "<group>"; };
		068ED6742B31459100AE84AB /* ChatViewModel.swift */ = {isa = PBXFileReference; lastKnownFileType = sourcecode.swift; path = ChatViewModel.swift; sourceTree = "<group>"; };
		068ED6762B31709E00AE84AB /* ErrorType.swift */ = {isa = PBXFileReference; lastKnownFileType = sourcecode.swift; path = ErrorType.swift; sourceTree = "<group>"; };
		069033242B4380FF003E9823 /* SignupViewModel.swift */ = {isa = PBXFileReference; lastKnownFileType = sourcecode.swift; path = SignupViewModel.swift; sourceTree = "<group>"; };
		06A0F7B22B41F4100074885E /* LoginView.swift */ = {isa = PBXFileReference; lastKnownFileType = sourcecode.swift; path = LoginView.swift; sourceTree = "<group>"; };
		06A0F7B52B41F86B0074885E /* SignupView.swift */ = {isa = PBXFileReference; lastKnownFileType = sourcecode.swift; path = SignupView.swift; sourceTree = "<group>"; };
		06A0F7B82B41FAEF0074885E /* LoginViewModel.swift */ = {isa = PBXFileReference; lastKnownFileType = sourcecode.swift; path = LoginViewModel.swift; sourceTree = "<group>"; };
		06A0F7C52B4228EA0074885E /* SignoutView.swift */ = {isa = PBXFileReference; lastKnownFileType = sourcecode.swift; path = SignoutView.swift; sourceTree = "<group>"; };
		06A0F7C72B422AB00074885E /* HomeView.swift */ = {isa = PBXFileReference; lastKnownFileType = sourcecode.swift; path = HomeView.swift; sourceTree = "<group>"; };
		06A530432B34B18C007E0607 /* ChatAppSwiftUITests.xctest */ = {isa = PBXFileReference; explicitFileType = wrapper.cfbundle; includeInIndex = 0; path = ChatAppSwiftUITests.xctest; sourceTree = BUILT_PRODUCTS_DIR; };
		06A5304C2B34B1A6007E0607 /* Mockable.swift */ = {isa = PBXFileReference; lastKnownFileType = sourcecode.swift; path = Mockable.swift; sourceTree = "<group>"; };
		06A5304F2B34B1B6007E0607 /* MockWebService.swift */ = {isa = PBXFileReference; lastKnownFileType = sourcecode.swift; path = MockWebService.swift; sourceTree = "<group>"; };
		06A530552B34B222007E0607 /* ChatViewModelTests.swift */ = {isa = PBXFileReference; lastKnownFileType = sourcecode.swift; path = ChatViewModelTests.swift; sourceTree = "<group>"; };
		06A530742B34DEF6007E0607 /* MockMessages.json */ = {isa = PBXFileReference; fileEncoding = 4; lastKnownFileType = text.json; path = MockMessages.json; sourceTree = "<group>"; };
/* End PBXFileReference section */

/* Begin PBXFrameworksBuildPhase section */
		068BC75C2B2F91B5005DD143 /* Frameworks */ = {
			isa = PBXFrameworksBuildPhase;
			buildActionMask = 2147483647;
			files = (
				068BC7822B2FC19F005DD143 /* FirebaseFirestore in Frameworks */,
				06A0F7C02B420C600074885E /* FirebaseAuth in Frameworks */,
				068BC7842B2FC19F005DD143 /* FirebaseFirestoreSwift in Frameworks */,
			);
			runOnlyForDeploymentPostprocessing = 0;
		};
		06A530402B34B18C007E0607 /* Frameworks */ = {
			isa = PBXFrameworksBuildPhase;
			buildActionMask = 2147483647;
			files = (
				06A5305F2B34C55B007E0607 /* FirebaseFirestore in Frameworks */,
				063323902B43D38A00ADEC15 /* FirebaseAuth in Frameworks */,
			);
			runOnlyForDeploymentPostprocessing = 0;
		};
/* End PBXFrameworksBuildPhase section */

/* Begin PBXGroup section */
		068BC7562B2F91B5005DD143 = {
			isa = PBXGroup;
			children = (
				068BC7612B2F91B5005DD143 /* ChatAppSwiftUI */,
				06A530442B34B18C007E0607 /* ChatAppSwiftUITests */,
				068BC7602B2F91B5005DD143 /* Products */,
				06A5305D2B34C55B007E0607 /* Frameworks */,
			);
			sourceTree = "<group>";
		};
		068BC7602B2F91B5005DD143 /* Products */ = {
			isa = PBXGroup;
			children = (
				068BC75F2B2F91B5005DD143 /* ChatAppSwiftUI.app */,
				06A530432B34B18C007E0607 /* ChatAppSwiftUITests.xctest */,
			);
			name = Products;
			sourceTree = "<group>";
		};
		068BC7612B2F91B5005DD143 /* ChatAppSwiftUI */ = {
			isa = PBXGroup;
			children = (
				068CC53B2B32A695006D2D80 /* Database */,
				068ED6782B3174FB00AE84AB /* Services */,
				068ED6732B31454D00AE84AB /* ViewModel */,
				068BC7752B2F98C0005DD143 /* View */,
				068BC7722B2F9813005DD143 /* Model */,
				068BC7622B2F91B5005DD143 /* ChatAppSwiftUIApp.swift */,
				068BC7662B2F91B6005DD143 /* Assets.xcassets */,
				068BC77E2B2FC0A5005DD143 /* GoogleService-Info.plist */,
				068BC7682B2F91B6005DD143 /* Preview Content */,
			);
			path = ChatAppSwiftUI;
			sourceTree = "<group>";
		};
		068BC7682B2F91B6005DD143 /* Preview Content */ = {
			isa = PBXGroup;
			children = (
				068BC7692B2F91B6005DD143 /* Preview Assets.xcassets */,
			);
			path = "Preview Content";
			sourceTree = "<group>";
		};
		068BC7722B2F9813005DD143 /* Model */ = {
			isa = PBXGroup;
			children = (
				068BC7732B2F982A005DD143 /* Message.swift */,
				068BC7872B2FD406005DD143 /* UserFeature.swift */,
				068ED6762B31709E00AE84AB /* ErrorType.swift */,
			);
			path = Model;
			sourceTree = "<group>";
		};
		068BC7752B2F98C0005DD143 /* View */ = {
			isa = PBXGroup;
			children = (
				06A0F7C42B4228D90074885E /* Signout */,
				06A0F7C12B4227060074885E /* Chat */,
				06A0F7B42B41F8590074885E /* Signup */,
				06A0F7B02B41F3AD0074885E /* Login */,
				068BC7762B2F98CA005DD143 /* Core */,
			);
			path = View;
			sourceTree = "<group>";
		};
		068BC7762B2F98CA005DD143 /* Core */ = {
			isa = PBXGroup;
			children = (
				06A0F7C72B422AB00074885E /* HomeView.swift */,
			);
			path = Core;
			sourceTree = "<group>";
		};
		068BC7772B2F98E3005DD143 /* Components */ = {
			isa = PBXGroup;
			children = (
				068BC7702B2F9322005DD143 /* TopArea.swift */,
				068BC77A2B2F9923005DD143 /* MessageBody.swift */,
				068BC77C2B2FB97F005DD143 /* MessageField.swift */,
			);
			path = Components;
			sourceTree = "<group>";
		};
		068CC53B2B32A695006D2D80 /* Database */ = {
			isa = PBXGroup;
			children = (
				068CC53F2B32AA2C006D2D80 /* Core */,
				068CC53E2B32AA13006D2D80 /* Firestore */,
			);
			path = Database;
			sourceTree = "<group>";
		};
		068CC53E2B32AA13006D2D80 /* Firestore */ = {
			isa = PBXGroup;
			children = (
				068CC53C2B32A6EA006D2D80 /* Firestore.swift */,
			);
			path = Firestore;
			sourceTree = "<group>";
		};
		068CC53F2B32AA2C006D2D80 /* Core */ = {
			isa = PBXGroup;
			children = (
				068CC5402B32AA55006D2D80 /* Database.swift */,
			);
			path = Core;
			sourceTree = "<group>";
		};
		068ED6732B31454D00AE84AB /* ViewModel */ = {
			isa = PBXGroup;
			children = (
				069033232B4380DE003E9823 /* Signup */,
				06A0F7BA2B41FAF80074885E /* Chat */,
				06A0F7B72B41FAD60074885E /* Login */,
			);
			path = ViewModel;
			sourceTree = "<group>";
		};
		068ED6782B3174FB00AE84AB /* Services */ = {
			isa = PBXGroup;
			children = (
				068BC7852B2FC594005DD143 /* WebService.swift */,
			);
			path = Services;
			sourceTree = "<group>";
		};
		069033232B4380DE003E9823 /* Signup */ = {
			isa = PBXGroup;
			children = (
				069033242B4380FF003E9823 /* SignupViewModel.swift */,
			);
			path = Signup;
			sourceTree = "<group>";
		};
		06A0F7B02B41F3AD0074885E /* Login */ = {
			isa = PBXGroup;
			children = (
				06A0F7B22B41F4100074885E /* LoginView.swift */,
			);
			path = Login;
			sourceTree = "<group>";
		};
		06A0F7B42B41F8590074885E /* Signup */ = {
			isa = PBXGroup;
			children = (
				06A0F7B52B41F86B0074885E /* SignupView.swift */,
			);
			path = Signup;
			sourceTree = "<group>";
		};
		06A0F7B72B41FAD60074885E /* Login */ = {
			isa = PBXGroup;
			children = (
				06A0F7B82B41FAEF0074885E /* LoginViewModel.swift */,
			);
			path = Login;
			sourceTree = "<group>";
		};
		06A0F7BA2B41FAF80074885E /* Chat */ = {
			isa = PBXGroup;
			children = (
				068ED6742B31459100AE84AB /* ChatViewModel.swift */,
			);
			path = Chat;
			sourceTree = "<group>";
		};
		06A0F7C12B4227060074885E /* Chat */ = {
			isa = PBXGroup;
			children = (
				068BC7642B2F91B5005DD143 /* ChatView.swift */,
				068BC7772B2F98E3005DD143 /* Components */,
			);
			path = Chat;
			sourceTree = "<group>";
		};
		06A0F7C42B4228D90074885E /* Signout */ = {
			isa = PBXGroup;
			children = (
				06A0F7C52B4228EA0074885E /* SignoutView.swift */,
			);
			path = Signout;
			sourceTree = "<group>";
		};
		06A530442B34B18C007E0607 /* ChatAppSwiftUITests */ = {
			isa = PBXGroup;
			children = (
				06A5304C2B34B1A6007E0607 /* Mockable.swift */,
				06A530742B34DEF6007E0607 /* MockMessages.json */,
				06A5304F2B34B1B6007E0607 /* MockWebService.swift */,
				06A530552B34B222007E0607 /* ChatViewModelTests.swift */,
			);
			path = ChatAppSwiftUITests;
			sourceTree = "<group>";
		};
		06A5305D2B34C55B007E0607 /* Frameworks */ = {
			isa = PBXGroup;
			children = (
			);
			name = Frameworks;
			sourceTree = "<group>";
		};
/* End PBXGroup section */

/* Begin PBXNativeTarget section */
		068BC75E2B2F91B5005DD143 /* ChatAppSwiftUI */ = {
			isa = PBXNativeTarget;
			buildConfigurationList = 068BC76D2B2F91B6005DD143 /* Build configuration list for PBXNativeTarget "ChatAppSwiftUI" */;
			buildPhases = (
				068BC75B2B2F91B5005DD143 /* Sources */,
				068BC75C2B2F91B5005DD143 /* Frameworks */,
				068BC75D2B2F91B5005DD143 /* Resources */,
			);
			buildRules = (
			);
			dependencies = (
			);
			name = ChatAppSwiftUI;
			packageProductDependencies = (
				068BC7812B2FC19F005DD143 /* FirebaseFirestore */,
				068BC7832B2FC19F005DD143 /* FirebaseFirestoreSwift */,
				06A0F7BF2B420C600074885E /* FirebaseAuth */,
			);
			productName = ChatAppSwiftUI;
			productReference = 068BC75F2B2F91B5005DD143 /* ChatAppSwiftUI.app */;
			productType = "com.apple.product-type.application";
		};
		06A530422B34B18C007E0607 /* ChatAppSwiftUITests */ = {
			isa = PBXNativeTarget;
			buildConfigurationList = 06A530492B34B18C007E0607 /* Build configuration list for PBXNativeTarget "ChatAppSwiftUITests" */;
			buildPhases = (
				06A5303F2B34B18C007E0607 /* Sources */,
				06A530402B34B18C007E0607 /* Frameworks */,
				06A530412B34B18C007E0607 /* Resources */,
			);
			buildRules = (
			);
			dependencies = (
				06A530482B34B18C007E0607 /* PBXTargetDependency */,
			);
			name = ChatAppSwiftUITests;
			packageProductDependencies = (
				06A5305E2B34C55B007E0607 /* FirebaseFirestore */,
				0633238F2B43D38A00ADEC15 /* FirebaseAuth */,
			);
			productName = ChatAppSwiftUITests;
			productReference = 06A530432B34B18C007E0607 /* ChatAppSwiftUITests.xctest */;
			productType = "com.apple.product-type.bundle.unit-test";
		};
/* End PBXNativeTarget section */

/* Begin PBXProject section */
		068BC7572B2F91B5005DD143 /* Project object */ = {
			isa = PBXProject;
			attributes = {
				BuildIndependentTargetsInParallel = 1;
				LastSwiftUpdateCheck = 1410;
				LastUpgradeCheck = 1410;
				TargetAttributes = {
					068BC75E2B2F91B5005DD143 = {
						CreatedOnToolsVersion = 14.1;
					};
					06A530422B34B18C007E0607 = {
						CreatedOnToolsVersion = 14.1;
						TestTargetID = 068BC75E2B2F91B5005DD143;
					};
				};
			};
			buildConfigurationList = 068BC75A2B2F91B5005DD143 /* Build configuration list for PBXProject "ChatAppSwiftUI" */;
			compatibilityVersion = "Xcode 14.0";
			developmentRegion = en;
			hasScannedForEncodings = 0;
			knownRegions = (
				en,
				Base,
			);
			mainGroup = 068BC7562B2F91B5005DD143;
			packageReferences = (
				068BC7802B2FC19F005DD143 /* XCRemoteSwiftPackageReference "firebase-ios-sdk" */,
			);
			productRefGroup = 068BC7602B2F91B5005DD143 /* Products */;
			projectDirPath = "";
			projectRoot = "";
			targets = (
				068BC75E2B2F91B5005DD143 /* ChatAppSwiftUI */,
				06A530422B34B18C007E0607 /* ChatAppSwiftUITests */,
			);
		};
/* End PBXProject section */

/* Begin PBXResourcesBuildPhase section */
		068BC75D2B2F91B5005DD143 /* Resources */ = {
			isa = PBXResourcesBuildPhase;
			buildActionMask = 2147483647;
			files = (
				068BC76A2B2F91B6005DD143 /* Preview Assets.xcassets in Resources */,
				068BC77F2B2FC0A5005DD143 /* GoogleService-Info.plist in Resources */,
				068BC7672B2F91B6005DD143 /* Assets.xcassets in Resources */,
			);
			runOnlyForDeploymentPostprocessing = 0;
		};
		06A530412B34B18C007E0607 /* Resources */ = {
			isa = PBXResourcesBuildPhase;
			buildActionMask = 2147483647;
			files = (
				06A530752B34DEF7007E0607 /* MockMessages.json in Resources */,
			);
			runOnlyForDeploymentPostprocessing = 0;
		};
/* End PBXResourcesBuildPhase section */

/* Begin PBXSourcesBuildPhase section */
		068BC75B2B2F91B5005DD143 /* Sources */ = {
			isa = PBXSourcesBuildPhase;
			buildActionMask = 2147483647;
			files = (
				069033252B4380FF003E9823 /* SignupViewModel.swift in Sources */,
				06A0F7B62B41F86B0074885E /* SignupView.swift in Sources */,
				068BC7652B2F91B5005DD143 /* ChatView.swift in Sources */,
				068CC53D2B32A6EA006D2D80 /* Firestore.swift in Sources */,
				068ED6752B31459100AE84AB /* ChatViewModel.swift in Sources */,
				068BC7742B2F982A005DD143 /* Message.swift in Sources */,
				068BC7862B2FC594005DD143 /* WebService.swift in Sources */,
				068BC77B2B2F9923005DD143 /* MessageBody.swift in Sources */,
				068CC5412B32AA55006D2D80 /* Database.swift in Sources */,
				06A0F7B92B41FAEF0074885E /* LoginViewModel.swift in Sources */,
				06A0F7C82B422AB00074885E /* HomeView.swift in Sources */,
				068BC7712B2F9322005DD143 /* TopArea.swift in Sources */,
				068ED6772B31709E00AE84AB /* ErrorType.swift in Sources */,
				068BC77D2B2FB97F005DD143 /* MessageField.swift in Sources */,
				06A0F7B32B41F4100074885E /* LoginView.swift in Sources */,
				068BC7632B2F91B5005DD143 /* ChatAppSwiftUIApp.swift in Sources */,
				068BC7882B2FD406005DD143 /* UserFeature.swift in Sources */,
				06A0F7C62B4228EA0074885E /* SignoutView.swift in Sources */,
			);
			runOnlyForDeploymentPostprocessing = 0;
		};
		06A5303F2B34B18C007E0607 /* Sources */ = {
			isa = PBXSourcesBuildPhase;
			buildActionMask = 2147483647;
			files = (
				06A530512B34B1B6007E0607 /* MockWebService.swift in Sources */,
				06A530572B34B222007E0607 /* ChatViewModelTests.swift in Sources */,
				06A5304E2B34B1A6007E0607 /* Mockable.swift in Sources */,
			);
			runOnlyForDeploymentPostprocessing = 0;
		};
/* End PBXSourcesBuildPhase section */

/* Begin PBXTargetDependency section */
		06A530482B34B18C007E0607 /* PBXTargetDependency */ = {
			isa = PBXTargetDependency;
			target = 068BC75E2B2F91B5005DD143 /* ChatAppSwiftUI */;
			targetProxy = 06A530472B34B18C007E0607 /* PBXContainerItemProxy */;
		};
/* End PBXTargetDependency section */

/* Begin XCBuildConfiguration section */
		068BC76B2B2F91B6005DD143 /* Debug */ = {
			isa = XCBuildConfiguration;
			buildSettings = {
				ALWAYS_SEARCH_USER_PATHS = NO;
				CLANG_ANALYZER_NONNULL = YES;
				CLANG_ANALYZER_NUMBER_OBJECT_CONVERSION = YES_AGGRESSIVE;
				CLANG_CXX_LANGUAGE_STANDARD = "gnu++20";
				CLANG_ENABLE_MODULES = YES;
				CLANG_ENABLE_OBJC_ARC = YES;
				CLANG_ENABLE_OBJC_WEAK = YES;
				CLANG_WARN_BLOCK_CAPTURE_AUTORELEASING = YES;
				CLANG_WARN_BOOL_CONVERSION = YES;
				CLANG_WARN_COMMA = YES;
				CLANG_WARN_CONSTANT_CONVERSION = YES;
				CLANG_WARN_DEPRECATED_OBJC_IMPLEMENTATIONS = YES;
				CLANG_WARN_DIRECT_OBJC_ISA_USAGE = YES_ERROR;
				CLANG_WARN_DOCUMENTATION_COMMENTS = YES;
				CLANG_WARN_EMPTY_BODY = YES;
				CLANG_WARN_ENUM_CONVERSION = YES;
				CLANG_WARN_INFINITE_RECURSION = YES;
				CLANG_WARN_INT_CONVERSION = YES;
				CLANG_WARN_NON_LITERAL_NULL_CONVERSION = YES;
				CLANG_WARN_OBJC_IMPLICIT_RETAIN_SELF = YES;
				CLANG_WARN_OBJC_LITERAL_CONVERSION = YES;
				CLANG_WARN_OBJC_ROOT_CLASS = YES_ERROR;
				CLANG_WARN_QUOTED_INCLUDE_IN_FRAMEWORK_HEADER = YES;
				CLANG_WARN_RANGE_LOOP_ANALYSIS = YES;
				CLANG_WARN_STRICT_PROTOTYPES = YES;
				CLANG_WARN_SUSPICIOUS_MOVE = YES;
				CLANG_WARN_UNGUARDED_AVAILABILITY = YES_AGGRESSIVE;
				CLANG_WARN_UNREACHABLE_CODE = YES;
				CLANG_WARN__DUPLICATE_METHOD_MATCH = YES;
				COPY_PHASE_STRIP = NO;
				DEBUG_INFORMATION_FORMAT = dwarf;
				ENABLE_STRICT_OBJC_MSGSEND = YES;
				ENABLE_TESTABILITY = YES;
				GCC_C_LANGUAGE_STANDARD = gnu11;
				GCC_DYNAMIC_NO_PIC = NO;
				GCC_NO_COMMON_BLOCKS = YES;
				GCC_OPTIMIZATION_LEVEL = 0;
				GCC_PREPROCESSOR_DEFINITIONS = (
					"DEBUG=1",
					"$(inherited)",
				);
				GCC_WARN_64_TO_32_BIT_CONVERSION = YES;
				GCC_WARN_ABOUT_RETURN_TYPE = YES_ERROR;
				GCC_WARN_UNDECLARED_SELECTOR = YES;
				GCC_WARN_UNINITIALIZED_AUTOS = YES_AGGRESSIVE;
				GCC_WARN_UNUSED_FUNCTION = YES;
				GCC_WARN_UNUSED_VARIABLE = YES;
				IPHONEOS_DEPLOYMENT_TARGET = 16.1;
				MTL_ENABLE_DEBUG_INFO = INCLUDE_SOURCE;
				MTL_FAST_MATH = YES;
				ONLY_ACTIVE_ARCH = YES;
				OTHER_LDFLAGS = "";
				SDKROOT = iphoneos;
				SWIFT_ACTIVE_COMPILATION_CONDITIONS = DEBUG;
				SWIFT_OPTIMIZATION_LEVEL = "-Onone";
			};
			name = Debug;
		};
		068BC76C2B2F91B6005DD143 /* Release */ = {
			isa = XCBuildConfiguration;
			buildSettings = {
				ALWAYS_SEARCH_USER_PATHS = NO;
				CLANG_ANALYZER_NONNULL = YES;
				CLANG_ANALYZER_NUMBER_OBJECT_CONVERSION = YES_AGGRESSIVE;
				CLANG_CXX_LANGUAGE_STANDARD = "gnu++20";
				CLANG_ENABLE_MODULES = YES;
				CLANG_ENABLE_OBJC_ARC = YES;
				CLANG_ENABLE_OBJC_WEAK = YES;
				CLANG_WARN_BLOCK_CAPTURE_AUTORELEASING = YES;
				CLANG_WARN_BOOL_CONVERSION = YES;
				CLANG_WARN_COMMA = YES;
				CLANG_WARN_CONSTANT_CONVERSION = YES;
				CLANG_WARN_DEPRECATED_OBJC_IMPLEMENTATIONS = YES;
				CLANG_WARN_DIRECT_OBJC_ISA_USAGE = YES_ERROR;
				CLANG_WARN_DOCUMENTATION_COMMENTS = YES;
				CLANG_WARN_EMPTY_BODY = YES;
				CLANG_WARN_ENUM_CONVERSION = YES;
				CLANG_WARN_INFINITE_RECURSION = YES;
				CLANG_WARN_INT_CONVERSION = YES;
				CLANG_WARN_NON_LITERAL_NULL_CONVERSION = YES;
				CLANG_WARN_OBJC_IMPLICIT_RETAIN_SELF = YES;
				CLANG_WARN_OBJC_LITERAL_CONVERSION = YES;
				CLANG_WARN_OBJC_ROOT_CLASS = YES_ERROR;
				CLANG_WARN_QUOTED_INCLUDE_IN_FRAMEWORK_HEADER = YES;
				CLANG_WARN_RANGE_LOOP_ANALYSIS = YES;
				CLANG_WARN_STRICT_PROTOTYPES = YES;
				CLANG_WARN_SUSPICIOUS_MOVE = YES;
				CLANG_WARN_UNGUARDED_AVAILABILITY = YES_AGGRESSIVE;
				CLANG_WARN_UNREACHABLE_CODE = YES;
				CLANG_WARN__DUPLICATE_METHOD_MATCH = YES;
				COPY_PHASE_STRIP = NO;
				DEBUG_INFORMATION_FORMAT = "dwarf-with-dsym";
				ENABLE_NS_ASSERTIONS = NO;
				ENABLE_STRICT_OBJC_MSGSEND = YES;
				GCC_C_LANGUAGE_STANDARD = gnu11;
				GCC_NO_COMMON_BLOCKS = YES;
				GCC_WARN_64_TO_32_BIT_CONVERSION = YES;
				GCC_WARN_ABOUT_RETURN_TYPE = YES_ERROR;
				GCC_WARN_UNDECLARED_SELECTOR = YES;
				GCC_WARN_UNINITIALIZED_AUTOS = YES_AGGRESSIVE;
				GCC_WARN_UNUSED_FUNCTION = YES;
				GCC_WARN_UNUSED_VARIABLE = YES;
				IPHONEOS_DEPLOYMENT_TARGET = 16.1;
				MTL_ENABLE_DEBUG_INFO = NO;
				MTL_FAST_MATH = YES;
				OTHER_LDFLAGS = "";
				SDKROOT = iphoneos;
				SWIFT_COMPILATION_MODE = wholemodule;
				SWIFT_OPTIMIZATION_LEVEL = "-O";
				VALIDATE_PRODUCT = YES;
			};
			name = Release;
		};
		068BC76E2B2F91B6005DD143 /* Debug */ = {
			isa = XCBuildConfiguration;
			buildSettings = {
				ASSETCATALOG_COMPILER_APPICON_NAME = AppIcon;
				ASSETCATALOG_COMPILER_GLOBAL_ACCENT_COLOR_NAME = AccentColor;
				CODE_SIGN_STYLE = Automatic;
				CURRENT_PROJECT_VERSION = 1;
				DEVELOPMENT_ASSET_PATHS = "\"ChatAppSwiftUI/Preview Content\"";
				ENABLE_PREVIEWS = YES;
				GENERATE_INFOPLIST_FILE = YES;
				INFOPLIST_KEY_UIApplicationSceneManifest_Generation = YES;
				INFOPLIST_KEY_UIApplicationSupportsIndirectInputEvents = YES;
				INFOPLIST_KEY_UILaunchScreen_Generation = YES;
				INFOPLIST_KEY_UISupportedInterfaceOrientations_iPad = "UIInterfaceOrientationPortrait UIInterfaceOrientationPortraitUpsideDown UIInterfaceOrientationLandscapeLeft UIInterfaceOrientationLandscapeRight";
				INFOPLIST_KEY_UISupportedInterfaceOrientations_iPhone = "UIInterfaceOrientationPortrait UIInterfaceOrientationLandscapeLeft UIInterfaceOrientationLandscapeRight";
				LD_RUNPATH_SEARCH_PATHS = (
					"$(inherited)",
					"@executable_path/Frameworks",
				);
				MARKETING_VERSION = 1.0;
				OTHER_LDFLAGS = "";
				PRODUCT_BUNDLE_IDENTIFIER = freelance.ChatAppSwiftUI;
				PRODUCT_NAME = "$(TARGET_NAME)";
				SWIFT_EMIT_LOC_STRINGS = YES;
				SWIFT_VERSION = 5.0;
				TARGETED_DEVICE_FAMILY = "1,2";
			};
			name = Debug;
		};
		068BC76F2B2F91B6005DD143 /* Release */ = {
			isa = XCBuildConfiguration;
			buildSettings = {
				ASSETCATALOG_COMPILER_APPICON_NAME = AppIcon;
				ASSETCATALOG_COMPILER_GLOBAL_ACCENT_COLOR_NAME = AccentColor;
				CODE_SIGN_STYLE = Automatic;
				CURRENT_PROJECT_VERSION = 1;
				DEVELOPMENT_ASSET_PATHS = "\"ChatAppSwiftUI/Preview Content\"";
				ENABLE_PREVIEWS = YES;
				GENERATE_INFOPLIST_FILE = YES;
				INFOPLIST_KEY_UIApplicationSceneManifest_Generation = YES;
				INFOPLIST_KEY_UIApplicationSupportsIndirectInputEvents = YES;
				INFOPLIST_KEY_UILaunchScreen_Generation = YES;
				INFOPLIST_KEY_UISupportedInterfaceOrientations_iPad = "UIInterfaceOrientationPortrait UIInterfaceOrientationPortraitUpsideDown UIInterfaceOrientationLandscapeLeft UIInterfaceOrientationLandscapeRight";
				INFOPLIST_KEY_UISupportedInterfaceOrientations_iPhone = "UIInterfaceOrientationPortrait UIInterfaceOrientationLandscapeLeft UIInterfaceOrientationLandscapeRight";
				LD_RUNPATH_SEARCH_PATHS = (
					"$(inherited)",
					"@executable_path/Frameworks",
				);
				MARKETING_VERSION = 1.0;
				OTHER_LDFLAGS = "";
				PRODUCT_BUNDLE_IDENTIFIER = freelance.ChatAppSwiftUI;
				PRODUCT_NAME = "$(TARGET_NAME)";
				SWIFT_EMIT_LOC_STRINGS = YES;
				SWIFT_VERSION = 5.0;
				TARGETED_DEVICE_FAMILY = "1,2";
			};
			name = Release;
		};
		06A5304A2B34B18C007E0607 /* Debug */ = {
			isa = XCBuildConfiguration;
			buildSettings = {
				BUNDLE_LOADER = "$(TEST_HOST)";
				CODE_SIGN_STYLE = Automatic;
				CURRENT_PROJECT_VERSION = 1;
				GENERATE_INFOPLIST_FILE = YES;
				MARKETING_VERSION = 1.0;
				PRODUCT_BUNDLE_IDENTIFIER = freelance.ChatAppSwiftUITests;
				PRODUCT_NAME = "$(TARGET_NAME)";
				SWIFT_EMIT_LOC_STRINGS = NO;
				SWIFT_VERSION = 5.0;
				TARGETED_DEVICE_FAMILY = "1,2";
				TEST_HOST = "$(BUILT_PRODUCTS_DIR)/ChatAppSwiftUI.app/$(BUNDLE_EXECUTABLE_FOLDER_PATH)/ChatAppSwiftUI";
			};
			name = Debug;
		};
		06A5304B2B34B18C007E0607 /* Release */ = {
			isa = XCBuildConfiguration;
			buildSettings = {
				BUNDLE_LOADER = "$(TEST_HOST)";
				CODE_SIGN_STYLE = Automatic;
				CURRENT_PROJECT_VERSION = 1;
				GENERATE_INFOPLIST_FILE = YES;
				MARKETING_VERSION = 1.0;
				PRODUCT_BUNDLE_IDENTIFIER = freelance.ChatAppSwiftUITests;
				PRODUCT_NAME = "$(TARGET_NAME)";
				SWIFT_EMIT_LOC_STRINGS = NO;
				SWIFT_VERSION = 5.0;
				TARGETED_DEVICE_FAMILY = "1,2";
				TEST_HOST = "$(BUILT_PRODUCTS_DIR)/ChatAppSwiftUI.app/$(BUNDLE_EXECUTABLE_FOLDER_PATH)/ChatAppSwiftUI";
			};
			name = Release;
		};
/* End XCBuildConfiguration section */

/* Begin XCConfigurationList section */
		068BC75A2B2F91B5005DD143 /* Build configuration list for PBXProject "ChatAppSwiftUI" */ = {
			isa = XCConfigurationList;
			buildConfigurations = (
				068BC76B2B2F91B6005DD143 /* Debug */,
				068BC76C2B2F91B6005DD143 /* Release */,
			);
			defaultConfigurationIsVisible = 0;
			defaultConfigurationName = Release;
		};
		068BC76D2B2F91B6005DD143 /* Build configuration list for PBXNativeTarget "ChatAppSwiftUI" */ = {
			isa = XCConfigurationList;
			buildConfigurations = (
				068BC76E2B2F91B6005DD143 /* Debug */,
				068BC76F2B2F91B6005DD143 /* Release */,
			);
			defaultConfigurationIsVisible = 0;
			defaultConfigurationName = Release;
		};
		06A530492B34B18C007E0607 /* Build configuration list for PBXNativeTarget "ChatAppSwiftUITests" */ = {
			isa = XCConfigurationList;
			buildConfigurations = (
				06A5304A2B34B18C007E0607 /* Debug */,
				06A5304B2B34B18C007E0607 /* Release */,
			);
			defaultConfigurationIsVisible = 0;
			defaultConfigurationName = Release;
		};
/* End XCConfigurationList section */

/* Begin XCRemoteSwiftPackageReference section */
		068BC7802B2FC19F005DD143 /* XCRemoteSwiftPackageReference "firebase-ios-sdk" */ = {
			isa = XCRemoteSwiftPackageReference;
			repositoryURL = "https://github.com/firebase/firebase-ios-sdk";
			requirement = {
				kind = upToNextMajorVersion;
				minimumVersion = 9.0.0;
			};
		};
/* End XCRemoteSwiftPackageReference section */

/* Begin XCSwiftPackageProductDependency section */
		0633238F2B43D38A00ADEC15 /* FirebaseAuth */ = {
			isa = XCSwiftPackageProductDependency;
			package = 068BC7802B2FC19F005DD143 /* XCRemoteSwiftPackageReference "firebase-ios-sdk" */;
			productName = FirebaseAuth;
		};
		068BC7812B2FC19F005DD143 /* FirebaseFirestore */ = {
			isa = XCSwiftPackageProductDependency;
			package = 068BC7802B2FC19F005DD143 /* XCRemoteSwiftPackageReference "firebase-ios-sdk" */;
			productName = FirebaseFirestore;
		};
		068BC7832B2FC19F005DD143 /* FirebaseFirestoreSwift */ = {
			isa = XCSwiftPackageProductDependency;
			package = 068BC7802B2FC19F005DD143 /* XCRemoteSwiftPackageReference "firebase-ios-sdk" */;
			productName = FirebaseFirestoreSwift;
		};
		06A0F7BF2B420C600074885E /* FirebaseAuth */ = {
			isa = XCSwiftPackageProductDependency;
			package = 068BC7802B2FC19F005DD143 /* XCRemoteSwiftPackageReference "firebase-ios-sdk" */;
			productName = FirebaseAuth;
		};
		06A5305E2B34C55B007E0607 /* FirebaseFirestore */ = {
			isa = XCSwiftPackageProductDependency;
			package = 068BC7802B2FC19F005DD143 /* XCRemoteSwiftPackageReference "firebase-ios-sdk" */;
			productName = FirebaseFirestore;
		};
/* End XCSwiftPackageProductDependency section */
	};
	rootObject = 068BC7572B2F91B5005DD143 /* Project object */;
}
